
Microsoft Visual Studio Solution File, Format Version 12.00
# Visual Studio Version 16
VisualStudioVersion = 16.0.32106.194
MinimumVisualStudioVersion = 10.0.40219.1
Project("{888888A0-9F3D-457C-B088-3A5042F75D52}") = "Visual2Audio", "Visual2Audio\Visual2Audio.pyproj", "{23AF8C44-CC50-40D4-8348-E6A1D378309D}"
EndProject
Global
	GlobalSection(SolutionConfigurationPlatforms) = preSolution
		Debug|Any CPU = Debug|Any CPU
		Release|Any CPU = Release|Any CPU
	EndGlobalSection
	GlobalSection(ProjectConfigurationPlatforms) = postSolution
		{23AF8C44-CC50-40D4-8348-E6A1D378309D}.Debug|Any CPU.ActiveCfg = Debug|Any CPU
		{23AF8C44-CC50-40D4-8348-E6A1D378309D}.Release|Any CPU.ActiveCfg = Release|Any CPU
	EndGlobalSection
	GlobalSection(SolutionProperties) = preSolution
		HideSolutionNode = FALSE
	EndGlobalSection
	GlobalSection(ExtensibilityGlobals) = postSolution
		SolutionGuid = {D2F7BE1E-A99C-49BC-8639-740F1123EBBA}
	EndGlobalSection
EndGlobal
